
Microsoft Visual Studio Solution File, Format Version 12.00
# Visual Studio Version 16
VisualStudioVersion = 16.0.31410.357
MinimumVisualStudioVersion = 10.0.40219.1
Project("{8BC9CEB8-8B4A-11D0-8D11-00A0C91BC942}") = "Polymorphism", "Polymorphism\Polymorphism.vcxproj", "{754BE124-074F-46DC-BA59-AF46D7D3E5CD}"
EndProject
Global
	GlobalSection(SolutionConfigurationPlatforms) = preSolution
		Debug|x64 = Debug|x64
		Debug|x86 = Debug|x86
		Release|x64 = Release|x64
		Release|x86 = Release|x86
	EndGlobalSection
	GlobalSection(ProjectConfigurationPlatforms) = postSolution
		{754BE124-074F-46DC-BA59-AF46D7D3E5CD}.Debug|x64.ActiveCfg = Debug|x64
		{754BE124-074F-46DC-BA59-AF46D7D3E5CD}.Debug|x64.Build.0 = Debug|x64
		{754BE124-074F-46DC-BA59-AF46D7D3E5CD}.Debug|x86.ActiveCfg = Debug|Win32
		{754BE124-074F-46DC-BA59-AF46D7D3E5CD}.Debug|x86.Build.0 = Debug|Win32
		{754BE124-074F-46DC-BA59-AF46D7D3E5CD}.Release|x64.ActiveCfg = Release|x64
		{754BE124-074F-46DC-BA59-AF46D7D3E5CD}.Release|x64.Build.0 = Release|x64
		{754BE124-074F-46DC-BA59-AF46D7D3E5CD}.Release|x86.ActiveCfg = Release|Win32
		{754BE124-074F-46DC-BA59-AF46D7D3E5CD}.Release|x86.Build.0 = Release|Win32
	EndGlobalSection
	GlobalSection(SolutionProperties) = preSolution
		HideSolutionNode = FALSE
	EndGlobalSection
	GlobalSection(ExtensibilityGlobals) = postSolution
		SolutionGuid = {D5118475-047B-4268-8702-1F8089EE9DC3}
	EndGlobalSection
EndGlobal
