<?xml version="1.0" encoding="utf-8"?>
<Project ToolsVersion="4.0" xmlns="http://schemas.microsoft.com/developer/msbuild/2003">
  <ItemGroup>
    <Filter Include="Source Files">
      <UniqueIdentifier>{4FC737F1-C7A5-4376-A066-2A32D752A2FF}</UniqueIdentifier>
      <Extensions>cpp;c;cc;cxx;c++;cppm;ixx;def;odl;idl;hpj;bat;asm;asmx</Extensions>
    </Filter>
    <Filter Include="Header Files">
      <UniqueIdentifier>{93995380-89BD-4b04-88EB-625FBE52EBFB}</UniqueIdentifier>
      <Extensions>h;hh;hpp;hxx;h++;hm;inl;inc;ipp;xsd</Extensions>
    </Filter>
    <Filter Include="Resource Files">
      <UniqueIdentifier>{67DA6AB6-F800-4c08-8B7A-83BB121AAD01}</UniqueIdentifier>
      <Extensions>rc;ico;cur;bmp;dlg;rc2;rct;bin;rgs;gif;jpg;jpeg;jpe;resx;tiff;tif;png;wav;mfcribbon-ms</Extensions>
    </Filter>
    <Filter Include="CLanServer">
      <UniqueIdentifier>{7e2d0170-900c-48d2-a902-93e001a13f18}</UniqueIdentifier>
    </Filter>
    <Filter Include="Utils">
      <UniqueIdentifier>{59a9bf3c-766f-4c7e-9861-d311132a358e}</UniqueIdentifier>
    </Filter>
    <Filter Include="User Server">
      <UniqueIdentifier>{bb2c3e6c-04d0-48dd-a239-9457f675edee}</UniqueIdentifier>
    </Filter>
  </ItemGroup>
  <ItemGroup>
    <ClCompile Include="main.cpp">
      <Filter>Source Files</Filter>
    </ClCompile>
    <ClCompile Include="CRingBuffer.cpp">
      <Filter>Utils</Filter>
    </ClCompile>
    <ClCompile Include="CPacket.cpp">
      <Filter>Utils</Filter>
    </ClCompile>
    <ClCompile Include="CLanServer.cpp">
      <Filter>CLanServer</Filter>
    </ClCompile>
    <ClCompile Include="CEchoServer.cpp">
      <Filter>User Server</Filter>
    </ClCompile>
    <ClCompile Include="CCrashDump.cpp">
      <Filter>Utils</Filter>
    </ClCompile>
    <ClCompile Include="CLogger.cpp">
      <Filter>Utils</Filter>
    </ClCompile>
    <ClCompile Include="Profiler.cpp">
      <Filter>Utils</Filter>
    </ClCompile>
  </ItemGroup>
  <ItemGroup>
    <ClInclude Include="CPacket.h">
      <Filter>Utils</Filter>
    </ClInclude>
    <ClInclude Include="CRingBuffer.h">
      <Filter>Utils</Filter>
    </ClInclude>
    <ClInclude Include="CLanServer.h">
      <Filter>CLanServer</Filter>
    </ClInclude>
    <ClInclude Include="CEchoServer.h">
      <Filter>User Server</Filter>
    </ClInclude>
    <ClInclude Include="CObjectPool.hpp">
      <Filter>Utils</Filter>
    </ClInclude>
    <ClInclude Include="CCrashDump.h">
      <Filter>Utils</Filter>
    </ClInclude>
    <ClInclude Include="CLogger.h">
      <Filter>Utils</Filter>
    </ClInclude>
    <ClInclude Include="LFQueue.hpp">
      <Filter>Utils</Filter>
    </ClInclude>
    <ClInclude Include="LFStack.hpp">
      <Filter>Utils</Filter>
    </ClInclude>
    <ClInclude Include="Profiler.h">
      <Filter>Utils</Filter>
    </ClInclude>
  </ItemGroup>
</Project>