<?xml version="1.0" encoding="utf-8"?>
<Project ToolsVersion="4.0" xmlns="http://schemas.microsoft.com/developer/msbuild/2003">
  <ItemGroup>
    <Filter Include="Network">
      <UniqueIdentifier>{1c471974-aa33-454b-b179-b775fe755ea3}</UniqueIdentifier>
    </Filter>
    <Filter Include="Utils">
      <UniqueIdentifier>{db28efa4-1bbe-4d69-b8e6-7aafe79fcfd5}</UniqueIdentifier>
    </Filter>
    <Filter Include="Main">
      <UniqueIdentifier>{e17a7975-5d18-4c21-9dc1-a3a3bb4e0c61}</UniqueIdentifier>
    </Filter>
    <Filter Include="DB">
      <UniqueIdentifier>{f665a7b1-fdb7-4530-a1b2-1dd3b79ce87d}</UniqueIdentifier>
    </Filter>
    <Filter Include="Utils\DataStructure">
      <UniqueIdentifier>{017cb20d-cbbf-4a30-ac70-1a3707570089}</UniqueIdentifier>
    </Filter>
    <Filter Include="Main\Server">
      <UniqueIdentifier>{7881a370-dcc4-44a4-b300-a8832a2aa7fd}</UniqueIdentifier>
    </Filter>
    <Filter Include="Main\Client">
      <UniqueIdentifier>{dd0ab1f2-c3ec-4142-8e5f-7b898dffdbd6}</UniqueIdentifier>
    </Filter>
    <Filter Include="Utils\DataStructure\Memory">
      <UniqueIdentifier>{9fa435d3-4932-46ab-9381-ed375ea6d975}</UniqueIdentifier>
    </Filter>
    <Filter Include="Thread">
      <UniqueIdentifier>{6687fbbb-2dbc-4b65-b2b0-7bd91151dfca}</UniqueIdentifier>
    </Filter>
  </ItemGroup>
  <ItemGroup>
    <ClInclude Include="pch.h">
      <Filter>Utils</Filter>
    </ClInclude>
    <ClInclude Include="CCrashDump.h">
      <Filter>Utils</Filter>
    </ClInclude>
    <ClInclude Include="CLogger.h">
      <Filter>Utils</Filter>
    </ClInclude>
    <ClInclude Include="SerializingBuffer.h">
      <Filter>Network</Filter>
    </ClInclude>
    <ClInclude Include="CorePch.h">
      <Filter>Main</Filter>
    </ClInclude>
    <ClInclude Include="Profiler.h">
      <Filter>Utils</Filter>
    </ClInclude>
    <ClInclude Include="ProcessMoniter.h">
      <Filter>Utils</Filter>
    </ClInclude>
    <ClInclude Include="HardWareMoniter.h">
      <Filter>Utils</Filter>
    </ClInclude>
    <ClInclude Include="CParser.h">
      <Filter>Utils</Filter>
    </ClInclude>
    <ClInclude Include="CommonProtocol.h">
      <Filter>Network</Filter>
    </ClInclude>
    <ClInclude Include="Types.h">
      <Filter>Utils</Filter>
    </ClInclude>
    <ClInclude Include="Session.h">
      <Filter>Network</Filter>
    </ClInclude>
    <ClInclude Include="RingBuffer.h">
      <Filter>Network</Filter>
    </ClInclude>
    <ClInclude Include="DBConnection.h">
      <Filter>DB</Filter>
    </ClInclude>
    <ClInclude Include="DBConnectionPool.h">
      <Filter>DB</Filter>
    </ClInclude>
    <ClInclude Include="ObjectPool.hpp">
      <Filter>Utils\DataStructure\Memory</Filter>
    </ClInclude>
    <ClInclude Include="ObjectPool_TLS.hpp">
      <Filter>Utils\DataStructure\Memory</Filter>
    </ClInclude>
    <ClInclude Include="Queue.hpp">
      <Filter>Utils\DataStructure</Filter>
    </ClInclude>
    <ClInclude Include="Stack.hpp">
      <Filter>Utils\DataStructure</Filter>
    </ClInclude>
    <ClInclude Include="CThread.h">
      <Filter>Thread</Filter>
    </ClInclude>
    <ClInclude Include="CServer.h">
      <Filter>Main\Server</Filter>
    </ClInclude>
    <ClInclude Include="CClient.h">
      <Filter>Main\Client</Filter>
    </ClInclude>
    <ClInclude Include="SMClient.h">
      <Filter>Main\Client</Filter>
    </ClInclude>
  </ItemGroup>
  <ItemGroup>
    <ClCompile Include="pch.cpp">
      <Filter>Utils</Filter>
    </ClCompile>
    <ClCompile Include="CCrashDump.cpp">
      <Filter>Utils</Filter>
    </ClCompile>
    <ClCompile Include="CLogger.cpp">
      <Filter>Utils</Filter>
    </ClCompile>
    <ClCompile Include="SerializingBuffer.cpp">
      <Filter>Network</Filter>
    </ClCompile>
    <ClCompile Include="CorePch.cpp">
      <Filter>Main</Filter>
    </ClCompile>
    <ClCompile Include="Profiler.cpp">
      <Filter>Utils</Filter>
    </ClCompile>
    <ClCompile Include="ProcessMoniter.cpp">
      <Filter>Utils</Filter>
    </ClCompile>
    <ClCompile Include="HardWareMoniter.cpp">
      <Filter>Utils</Filter>
    </ClCompile>
    <ClCompile Include="CParser.cpp">
      <Filter>Utils</Filter>
    </ClCompile>
    <ClCompile Include="RingBuffer.cpp">
      <Filter>Network</Filter>
    </ClCompile>
    <ClCompile Include="DBConnection.cpp">
      <Filter>DB</Filter>
    </ClCompile>
    <ClCompile Include="DBConnectionPool.cpp">
      <Filter>DB</Filter>
    </ClCompile>
    <ClCompile Include="CThread.cpp">
      <Filter>Thread</Filter>
    </ClCompile>
    <ClCompile Include="CServer.cpp">
      <Filter>Main\Server</Filter>
    </ClCompile>
    <ClCompile Include="CClient.cpp">
      <Filter>Main\Client</Filter>
    </ClCompile>
    <ClCompile Include="SMClient.cpp">
      <Filter>Main\Client</Filter>
    </ClCompile>
  </ItemGroup>
</Project>