<?xml version="1.0" encoding="utf-8"?>
<Project ToolsVersion="4.0" xmlns="http://schemas.microsoft.com/developer/msbuild/2003">
  <ItemGroup>
    <Filter Include="Source Files">
      <UniqueIdentifier>{4FC737F1-C7A5-4376-A066-2A32D752A2FF}</UniqueIdentifier>
      <Extensions>cpp;c;cc;cxx;c++;cppm;ixx;def;odl;idl;hpj;bat;asm;asmx</Extensions>
    </Filter>
    <Filter Include="Header Files">
      <UniqueIdentifier>{93995380-89BD-4b04-88EB-625FBE52EBFB}</UniqueIdentifier>
      <Extensions>h;hh;hpp;hxx;h++;hm;inl;inc;ipp;xsd</Extensions>
    </Filter>
    <Filter Include="Resource Files">
      <UniqueIdentifier>{67DA6AB6-F800-4c08-8B7A-83BB121AAD01}</UniqueIdentifier>
      <Extensions>rc;ico;cur;bmp;dlg;rc2;rct;bin;rgs;gif;jpg;jpeg;jpe;resx;tiff;tif;png;wav;mfcribbon-ms</Extensions>
    </Filter>
    <Filter Include="Utils">
      <UniqueIdentifier>{47c40e61-8927-430a-9426-5d15c54414d1}</UniqueIdentifier>
    </Filter>
    <Filter Include="Class">
      <UniqueIdentifier>{e2efde96-0c55-4e41-9539-fcbea08e1f16}</UniqueIdentifier>
    </Filter>
  </ItemGroup>
  <ItemGroup>
    <ClInclude Include="framework.h">
      <Filter>Header Files</Filter>
    </ClInclude>
    <ClInclude Include="targetver.h">
      <Filter>Header Files</Filter>
    </ClInclude>
    <ClInclude Include="Resource.h">
      <Filter>Header Files</Filter>
    </ClInclude>
    <ClInclude Include="Visual Astar.h">
      <Filter>Header Files</Filter>
    </ClInclude>
    <ClInclude Include="CList.h">
      <Filter>Class</Filter>
    </ClInclude>
    <ClInclude Include="CMemory.h">
      <Filter>Class</Filter>
    </ClInclude>
    <ClInclude Include="CMemoryPool.h">
      <Filter>Class</Filter>
    </ClInclude>
    <ClInclude Include="CPriorityQueue.h">
      <Filter>Class</Filter>
    </ClInclude>
    <ClInclude Include="DrawMap.h">
      <Filter>Utils</Filter>
    </ClInclude>
    <ClInclude Include="Global.h">
      <Filter>Utils</Filter>
    </ClInclude>
    <ClInclude Include="CFramework.h">
      <Filter>Class</Filter>
    </ClInclude>
    <ClInclude Include="Profiler.h">
      <Filter>Utils</Filter>
    </ClInclude>
    <ClInclude Include="CAstar.h">
      <Filter>Class</Filter>
    </ClInclude>
    <ClInclude Include="CJumpPoint.h">
      <Filter>Class</Filter>
    </ClInclude>
    <ClInclude Include="CMapGenerator.h">
      <Filter>Class</Filter>
    </ClInclude>
    <ClInclude Include="CCorrection.h">
      <Filter>Class</Filter>
    </ClInclude>
  </ItemGroup>
  <ItemGroup>
    <ClCompile Include="Visual Astar.cpp">
      <Filter>Source Files</Filter>
    </ClCompile>
    <ClCompile Include="CMemory.cpp">
      <Filter>Class</Filter>
    </ClCompile>
    <ClCompile Include="CMemoryPool.cpp">
      <Filter>Class</Filter>
    </ClCompile>
    <ClCompile Include="CPriorityQueue.cpp">
      <Filter>Class</Filter>
    </ClCompile>
    <ClCompile Include="DrawMap.cpp">
      <Filter>Utils</Filter>
    </ClCompile>
    <ClCompile Include="CFramework.cpp">
      <Filter>Class</Filter>
    </ClCompile>
    <ClCompile Include="Global.cpp">
      <Filter>Utils</Filter>
    </ClCompile>
    <ClCompile Include="Profiler.cpp">
      <Filter>Utils</Filter>
    </ClCompile>
    <ClCompile Include="CAstar.cpp">
      <Filter>Class</Filter>
    </ClCompile>
    <ClCompile Include="CJumpPoint.cpp">
      <Filter>Class</Filter>
    </ClCompile>
    <ClCompile Include="CMapGenerator.cpp">
      <Filter>Class</Filter>
    </ClCompile>
    <ClCompile Include="CCorrection.cpp">
      <Filter>Class</Filter>
    </ClCompile>
  </ItemGroup>
  <ItemGroup>
    <ResourceCompile Include="Visual Astar.rc">
      <Filter>Resource Files</Filter>
    </ResourceCompile>
  </ItemGroup>
  <ItemGroup>
    <Image Include="small.ico">
      <Filter>Resource Files</Filter>
    </Image>
    <Image Include="Visual Astar.ico">
      <Filter>Resource Files</Filter>
    </Image>
  </ItemGroup>
</Project>