
Microsoft Visual Studio Solution File, Format Version 12.00
# Visual Studio Version 16
VisualStudioVersion = 16.0.31410.357
MinimumVisualStudioVersion = 10.0.40219.1
Project("{8BC9CEB8-8B4A-11D0-8D11-00A0C91BC942}") = "Painting Tree", "Painting Tree\Painting Tree.vcxproj", "{16657478-BA53-4E5E-9AE7-CEFE22FB5C5E}"
EndProject
Global
	GlobalSection(SolutionConfigurationPlatforms) = preSolution
		Debug|x64 = Debug|x64
		Debug|x86 = Debug|x86
		Release|x64 = Release|x64
		Release|x86 = Release|x86
	EndGlobalSection
	GlobalSection(ProjectConfigurationPlatforms) = postSolution
		{16657478-BA53-4E5E-9AE7-CEFE22FB5C5E}.Debug|x64.ActiveCfg = Debug|x64
		{16657478-BA53-4E5E-9AE7-CEFE22FB5C5E}.Debug|x64.Build.0 = Debug|x64
		{16657478-BA53-4E5E-9AE7-CEFE22FB5C5E}.Debug|x86.ActiveCfg = Debug|Win32
		{16657478-BA53-4E5E-9AE7-CEFE22FB5C5E}.Debug|x86.Build.0 = Debug|Win32
		{16657478-BA53-4E5E-9AE7-CEFE22FB5C5E}.Release|x64.ActiveCfg = Release|x64
		{16657478-BA53-4E5E-9AE7-CEFE22FB5C5E}.Release|x64.Build.0 = Release|x64
		{16657478-BA53-4E5E-9AE7-CEFE22FB5C5E}.Release|x86.ActiveCfg = Release|Win32
		{16657478-BA53-4E5E-9AE7-CEFE22FB5C5E}.Release|x86.Build.0 = Release|Win32
	EndGlobalSection
	GlobalSection(SolutionProperties) = preSolution
		HideSolutionNode = FALSE
	EndGlobalSection
	GlobalSection(ExtensibilityGlobals) = postSolution
		SolutionGuid = {B690D06E-4577-460E-85A6-1310F4C31BB2}
	EndGlobalSection
EndGlobal
