
Microsoft Visual Studio Solution File, Format Version 12.00
# Visual Studio Version 16
VisualStudioVersion = 16.0.31410.357
MinimumVisualStudioVersion = 10.0.40219.1
Project("{8BC9CEB8-8B4A-11D0-8D11-00A0C91BC942}") = "AsyncSelect_NetDraw_Client", "AsyncSelect_NetDraw_Client\AsyncSelect_NetDraw_Client.vcxproj", "{9CFC840B-DC39-4AE0-A110-E67986C840D0}"
EndProject
Project("{8BC9CEB8-8B4A-11D0-8D11-00A0C91BC942}") = "AsyncSelect_NetDraw_Server", "AsyncSelect_NetDraw_Server\AsyncSelect_NetDraw_Server.vcxproj", "{370CE43D-1B14-40F9-B696-B3BA26C00500}"
EndProject
Global
	GlobalSection(SolutionConfigurationPlatforms) = preSolution
		Debug|x64 = Debug|x64
		Debug|x86 = Debug|x86
		Release|x64 = Release|x64
		Release|x86 = Release|x86
	EndGlobalSection
	GlobalSection(ProjectConfigurationPlatforms) = postSolution
		{9CFC840B-DC39-4AE0-A110-E67986C840D0}.Debug|x64.ActiveCfg = Debug|x64
		{9CFC840B-DC39-4AE0-A110-E67986C840D0}.Debug|x64.Build.0 = Debug|x64
		{9CFC840B-DC39-4AE0-A110-E67986C840D0}.Debug|x86.ActiveCfg = Debug|Win32
		{9CFC840B-DC39-4AE0-A110-E67986C840D0}.Debug|x86.Build.0 = Debug|Win32
		{9CFC840B-DC39-4AE0-A110-E67986C840D0}.Release|x64.ActiveCfg = Release|x64
		{9CFC840B-DC39-4AE0-A110-E67986C840D0}.Release|x64.Build.0 = Release|x64
		{9CFC840B-DC39-4AE0-A110-E67986C840D0}.Release|x86.ActiveCfg = Release|Win32
		{9CFC840B-DC39-4AE0-A110-E67986C840D0}.Release|x86.Build.0 = Release|Win32
		{370CE43D-1B14-40F9-B696-B3BA26C00500}.Debug|x64.ActiveCfg = Debug|x64
		{370CE43D-1B14-40F9-B696-B3BA26C00500}.Debug|x64.Build.0 = Debug|x64
		{370CE43D-1B14-40F9-B696-B3BA26C00500}.Debug|x86.ActiveCfg = Debug|Win32
		{370CE43D-1B14-40F9-B696-B3BA26C00500}.Debug|x86.Build.0 = Debug|Win32
		{370CE43D-1B14-40F9-B696-B3BA26C00500}.Release|x64.ActiveCfg = Release|x64
		{370CE43D-1B14-40F9-B696-B3BA26C00500}.Release|x64.Build.0 = Release|x64
		{370CE43D-1B14-40F9-B696-B3BA26C00500}.Release|x86.ActiveCfg = Release|Win32
		{370CE43D-1B14-40F9-B696-B3BA26C00500}.Release|x86.Build.0 = Release|Win32
	EndGlobalSection
	GlobalSection(SolutionProperties) = preSolution
		HideSolutionNode = FALSE
	EndGlobalSection
	GlobalSection(ExtensibilityGlobals) = postSolution
		SolutionGuid = {46D8DDB5-D176-4A82-A2BC-A6E443D9AFBA}
	EndGlobalSection
EndGlobal
