
Microsoft Visual Studio Solution File, Format Version 12.00
# Visual Studio Version 16
VisualStudioVersion = 16.0.32413.511
MinimumVisualStudioVersion = 10.0.40219.1
Project("{8BC9CEB8-8B4A-11D0-8D11-00A0C91BC942}") = "ServerCore", "ServerCore\ServerCore.vcxproj", "{BBE0B58A-7B58-416F-8604-05A680C9E9C0}"
EndProject
Project("{8BC9CEB8-8B4A-11D0-8D11-00A0C91BC942}") = "ChatServer", "CheatServer\CheatServer.vcxproj", "{38DF5689-5040-496C-BDF9-CFDA51AADDBA}"
EndProject
Project("{8BC9CEB8-8B4A-11D0-8D11-00A0C91BC942}") = "MonitoringServer", "MonitoringServer\MonitoringServer.vcxproj", "{A5FC284C-6CBD-43A4-99FA-F59DB3A5BDE5}"
EndProject
Project("{8BC9CEB8-8B4A-11D0-8D11-00A0C91BC942}") = "TestClient", "TestClient\TestClient.vcxproj", "{A2C9376B-5D06-4173-AD19-EF8C715AB9A6}"
EndProject
Global
	GlobalSection(SolutionConfigurationPlatforms) = preSolution
		Debug|x64 = Debug|x64
		Debug|x86 = Debug|x86
		Release|x64 = Release|x64
		Release|x86 = Release|x86
	EndGlobalSection
	GlobalSection(ProjectConfigurationPlatforms) = postSolution
		{BBE0B58A-7B58-416F-8604-05A680C9E9C0}.Debug|x64.ActiveCfg = Debug|x64
		{BBE0B58A-7B58-416F-8604-05A680C9E9C0}.Debug|x64.Build.0 = Debug|x64
		{BBE0B58A-7B58-416F-8604-05A680C9E9C0}.Debug|x86.ActiveCfg = Debug|Win32
		{BBE0B58A-7B58-416F-8604-05A680C9E9C0}.Debug|x86.Build.0 = Debug|Win32
		{BBE0B58A-7B58-416F-8604-05A680C9E9C0}.Release|x64.ActiveCfg = Release|x64
		{BBE0B58A-7B58-416F-8604-05A680C9E9C0}.Release|x64.Build.0 = Release|x64
		{BBE0B58A-7B58-416F-8604-05A680C9E9C0}.Release|x86.ActiveCfg = Release|Win32
		{BBE0B58A-7B58-416F-8604-05A680C9E9C0}.Release|x86.Build.0 = Release|Win32
		{38DF5689-5040-496C-BDF9-CFDA51AADDBA}.Debug|x64.ActiveCfg = Debug|x64
		{38DF5689-5040-496C-BDF9-CFDA51AADDBA}.Debug|x64.Build.0 = Debug|x64
		{38DF5689-5040-496C-BDF9-CFDA51AADDBA}.Debug|x86.ActiveCfg = Debug|Win32
		{38DF5689-5040-496C-BDF9-CFDA51AADDBA}.Debug|x86.Build.0 = Debug|Win32
		{38DF5689-5040-496C-BDF9-CFDA51AADDBA}.Release|x64.ActiveCfg = Release|x64
		{38DF5689-5040-496C-BDF9-CFDA51AADDBA}.Release|x64.Build.0 = Release|x64
		{38DF5689-5040-496C-BDF9-CFDA51AADDBA}.Release|x86.ActiveCfg = Release|Win32
		{38DF5689-5040-496C-BDF9-CFDA51AADDBA}.Release|x86.Build.0 = Release|Win32
		{A5FC284C-6CBD-43A4-99FA-F59DB3A5BDE5}.Debug|x64.ActiveCfg = Debug|x64
		{A5FC284C-6CBD-43A4-99FA-F59DB3A5BDE5}.Debug|x64.Build.0 = Debug|x64
		{A5FC284C-6CBD-43A4-99FA-F59DB3A5BDE5}.Debug|x86.ActiveCfg = Debug|Win32
		{A5FC284C-6CBD-43A4-99FA-F59DB3A5BDE5}.Debug|x86.Build.0 = Debug|Win32
		{A5FC284C-6CBD-43A4-99FA-F59DB3A5BDE5}.Release|x64.ActiveCfg = Release|x64
		{A5FC284C-6CBD-43A4-99FA-F59DB3A5BDE5}.Release|x64.Build.0 = Release|x64
		{A5FC284C-6CBD-43A4-99FA-F59DB3A5BDE5}.Release|x86.ActiveCfg = Release|Win32
		{A5FC284C-6CBD-43A4-99FA-F59DB3A5BDE5}.Release|x86.Build.0 = Release|Win32
		{A2C9376B-5D06-4173-AD19-EF8C715AB9A6}.Debug|x64.ActiveCfg = Debug|x64
		{A2C9376B-5D06-4173-AD19-EF8C715AB9A6}.Debug|x64.Build.0 = Debug|x64
		{A2C9376B-5D06-4173-AD19-EF8C715AB9A6}.Debug|x86.ActiveCfg = Debug|Win32
		{A2C9376B-5D06-4173-AD19-EF8C715AB9A6}.Debug|x86.Build.0 = Debug|Win32
		{A2C9376B-5D06-4173-AD19-EF8C715AB9A6}.Release|x64.ActiveCfg = Release|x64
		{A2C9376B-5D06-4173-AD19-EF8C715AB9A6}.Release|x64.Build.0 = Release|x64
		{A2C9376B-5D06-4173-AD19-EF8C715AB9A6}.Release|x86.ActiveCfg = Release|Win32
		{A2C9376B-5D06-4173-AD19-EF8C715AB9A6}.Release|x86.Build.0 = Release|Win32
	EndGlobalSection
	GlobalSection(SolutionProperties) = preSolution
		HideSolutionNode = FALSE
	EndGlobalSection
	GlobalSection(ExtensibilityGlobals) = postSolution
		SolutionGuid = {025BA5AF-7F82-4B09-9FE6-CD70F0AED86B}
	EndGlobalSection
EndGlobal
